github.com/KarpelesLab/apirouter v0.1.9 h1:eJVjcEJ3hJI7Ce+kIOCxbdzC983LQjRCDAa7sqZ6LYA=
github.com/KarpelesLab/apirouter v0.1.9/go.mod h1:bKeP6UdyohjRCxzaDka3yELxU9mYLptQNpv8ve7Qygk=
github.com/KarpelesLab/apirouter v0.1.13 h1:ugH2izdH+Le9LSHBCCMmaAiuKAS9XwU70RGUzJ+py54=
github.com/KarpelesLab/apirouter v0.1.13/go.mod h1:dPNHAswCGJC28bgoOuSjliCfydGkcz8PqeIBl97MbaE=
github.com/KarpelesLab/apirouter v0.5.7 h1:LAhbq51zNRktIMkP/v74g9GFhDmLm45E6LXlXugVa70=
github.com/KarpelesLab/apirouter v0.5.7/go.mod h1:WB+ebJkuk/vOfQiny7os0+0IqB7K4oUEJ7PiNvjUHbA=
github.com/KarpelesLab/contexter v1.0.2 h1:ZDKROIjv0BL+vSQeXCgGTZT08SOK6MnAyRCsUmyDCpw=
github.com/KarpelesLab/contexter v1.0.2/go.mod h1:jjAIzb8zc35UgjctpQ5OtxvoLQun9hDYORDtu+UdrZc=
github.com/KarpelesLab/countrydb v0.1.3 h1:c2D02POPadNaZfocys3WCwJd8fW9xxufUrXaseOUd5k=
github.com/KarpelesLab/countrydb v0.1.3/go.mod h1:jjnWzj4wTWGkRFh03ZUx3SLucaM4beCtroFgXv+xfUs=
github.com/KarpelesLab/currencydb v0.1.4 h1:GW19JzkY5VN3YYt3pY2DS9ALznXYYIrfRSknTbCpuUk=
github.com/KarpelesLab/currencydb v0.1.4/go.mod h1:xF2xEc/uVfhfdv+Paesi28BfqvMkXRuwohG6RBU5Ip8=
github.com/KarpelesLab/lngdb v0.1.1 h1:pLzSn6518xWC46uvlcvk095KWIdeYQO4EoJAabSwBEw=
github.com/KarpelesLab/lngdb v0.1.1/go.mod h1:UTxBZsxyc+YPXpUy38NQjCrS+V9ZPFv5sDXE5iuxdh8=
github.com/KarpelesLab/lngdb v1.0.0 h1:PrnpXYnt0G2rBCSRIUeCwnGKT0gTVT2X5cd1EnBzQyg=
github.com/KarpelesLab/lngdb v1.0.0/go.mod h1:UTxBZsxyc+YPXpUy38NQjCrS+V9ZPFv5sDXE5iuxdh8=
github.com/KarpelesLab/pjson v0.1.1 h1:/95RVzwNupR2+S2TEFEPf66H+TtdNjepf/wDobcQml0=
github.com/KarpelesLab/pjson v0.1.1/go.mod h1:gb4uSTld7I2kO2WvLdat1mN1brsS1hzSR+dWw1hL3iU=
github.com/KarpelesLab/pjson v0.1.7 h1:j0EItKHyf/dXPZJXbMAS1Ioxlq1LTNH9YmPkmX/JN3s=
github.com/KarpelesLab/pjson v0.1.7/go.mod h1:gb4uSTld7I2kO2WvLdat1mN1brsS1hzSR+dWw1hL3iU=
github.com/KarpelesLab/pjson v0.1.9 h1:JVmm61sLRVb+5YkUDacgM1FlB9CTOsCUhEvF+OzUMf0=
github.com/KarpelesLab/pjson v0.1.9/go.mod h1:gb4uSTld7I2kO2WvLdat1mN1brsS1hzSR+dWw1hL3iU=
github.com/KarpelesLab/pobj v0.0.2 h1:S6drkfbRX9HwKER/2nIWxAVmkHJybb6yTFlYQhD1FXI=
github.com/KarpelesLab/pobj v0.0.2/go.mod h1:rwPZbrUj7uB7Bu8MD+ml9s+yd+pmp2WOCJvumcFpweQ=
github.com/KarpelesLab/pobj v0.1.1 h1:Y3pz6VxWdZyJ+hf0TinSd/c/91p82njxPYxZdQ2StSQ=
github.com/KarpelesLab/pobj v0.1.1/go.mod h1:rwPZbrUj7uB7Bu8MD+ml9s+yd+pmp2WOCJvumcFpweQ=
github.com/KarpelesLab/pobj v0.1.5 h1:vZ6W9FrzVLOYAzxj7CCd0PRQVb78n1dXg/KtmrBo7/k=
github.com/KarpelesLab/pobj v0.1.5/go.mod h1:U368tFP4t7k4Jzw9gsQjMZ+wQAXFXqUsAnYZJMIrDgQ=
github.com/KarpelesLab/pobj v0.2.0 h1:YgiXaLACLkIAFDzOH7sXB3dKWQbAAYwCC200e2tyFzE=
github.com/KarpelesLab/pobj v0.2.0/go.mod h1:G03Fhv4ikiKZ82XXYQgFzr0sGOM7xpqGdhC0DRD0mmc=
github.com/KarpelesLab/putil v1.0.0 h1:Izcq875a731K80tkyJdQOB+vMmmHzLZu7orjbu+sGys=
github.com/KarpelesLab/putil v1.0.0/go.mod h1:hT01D0rV4QiRXRMTTGvjv0T8N1SJ6+gCg8KMscUpemk=
github.com/KarpelesLab/typutil v0.2.15 h1:avzvU1qckucyZiPPhO0KD+PL5XjdpVGetjBs2vD+GH8=
github.com/KarpelesLab/typutil v0.2.15/go.mod h1:lqs248XpjFstgZMT5ZVP4/3B6zT7eEeq5kKj4/tC1IQ=
github.com/KarpelesLab/typutil v0.2.19 h1:RmUoGos41I80GXKAR3ZUHCdjgBoSSPhGnXmJTPEjp4Y=
github.com/KarpelesLab/typutil v0.2.19/go.mod h1:AAFzwyeM5datR6N5pGy8VrihZacfVS4ktC+AKp3VIrQ=
github.com/KarpelesLab/webutil v0.1.0 h1:s3lAFw8HXChfyU1AcyJXqWStrDRwgbT/3Xwlq8gaB+w=
github.com/KarpelesLab/webutil v0.1.0/go.mod h1:1UsHLjGbVRqUc1LbF5LXM968jllEZkxryqhqYesvZos=
github.com/KarpelesLab/webutil v0.1.1 h1:w5iCebZb3kv39M23/VrL9w97oTW6MEwFyW6VnJF8vZk=
github.com/KarpelesLab/webutil v0.1.1/go.mod h1:AKTsmoimqwSdJHtZzBnvxcjQv3lgyw/GVJFVyXaDilU=
github.com/KarpelesLab/webutil v0.2.1 h1:5mB+mPBj3iRasv9zY9rDAh00yvKQWJxDOjyUZTjfmlY=
github.com/KarpelesLab/webutil v0.2.1/go.mod h1:AKTsmoimqwSdJHtZzBnvxcjQv3lgyw/GVJFVyXaDilU=
github.com/fxamacker/cbor/v2 v2.7.0 h1:iM5WgngdRBanHcxugY4JySA0nk1wZorNOpTgCMedv5E=
github.com/fxamacker/cbor/v2 v2.7.0/go.mod h1:pxXPTn3joSm21Gbwsv0w9OSA2y1HFR9qXEeXQVeNoDQ=
github.com/google/uuid v1.3.0 h1:t6JiXgmwXMjEs8VusXIJk2BXHsn+wx8BZdTaoZ5fu7I=
github.com/google/uuid v1.3.0/go.mod h1:TIyPZe4MgqvfeYDBFedMoGGpEw/LqOeaOT+nhxU+yHo=
github.com/google/uuid v1.6.0 h1:NIvaJDMOsjHA8n1jAhLSgzrAzy1Hgr+hNrb57e+94F0=
github.com/google/uuid v1.6.0/go.mod h1:TIyPZe4MgqvfeYDBFedMoGGpEw/LqOeaOT+nhxU+yHo=
github.com/jinzhu/inflection v1.0.0 h1:K317FqzuhWc8YvSVlFMCCUb36O/S9MCKRDI7QkRKD/E=
github.com/jinzhu/inflection v1.0.0/go.mod h1:h+uFLlag+Qp1Va5pdKtLDYj+kHp5pxUVkryuEj+Srlc=
github.com/jinzhu/now v1.1.5 h1:/o9tlHleP7gOFmsnYNz3RGnqzefHA47wQpKrrdTIwXQ=
github.com/jinzhu/now v1.1.5/go.mod h1:d3SSVoowX0Lcu0IBviAWJpolVfI5UJVZZ7cO71lE/z8=
github.com/x448/float16 v0.8.4 h1:qLwI1I70+NjRFUR3zs1JPUCgaCXSh3SW62uAKT1mSBM=
github.com/x448/float16 v0.8.4/go.mod h1:14CWIYCyZA/cWjXOioeEpHeN/83MdbZDRQHoFcYsOfg=
golang.org/x/exp v0.0.0-20240719175910-8a7402abbf56 h1:2dVuKD2vS7b0QIHQbpyTISPd0LeHDbnYEryqj5Q1ug8=
golang.org/x/exp v0.0.0-20240719175910-8a7402abbf56/go.mod h1:M4RDyNAINzryxdtnbRXRL/OHtkFuWGRjvuhBJpk2IlY=
golang.org/x/exp v0.0.0-20240909161429-701f63a606c0/go.mod h1:2TbTHSBQa924w8M6Xs1QcRcFwyucIwBGpK1p2f1YFFY=
golang.org/x/text v0.10.0 h1:UpjohKhiEgNc0CSauXmwYftY1+LlaC75SJwh0SgCX58=
golang.org/x/text v0.10.0/go.mod h1:TvPlkZtksWOMsz7fbANvkp4WM8x/WCo/om8BMLbz+aE=
golang.org/x/text v0.16.0 h1:a94ExnEXNtEwYLGJSIUxnWoxoRz/ZcCsV63ROupILh4=
golang.org/x/text v0.16.0/go.mod h1:GhwF1Be+LQoKShO3cGOHzqOgRrGaYc9AvblQOmPVHnI=
gorm.io/gorm v1.25.11 h1:/Wfyg1B/je1hnDx3sMkX+gAlxrlZpn6X0BXRlwXlvHg=
gorm.io/gorm v1.25.11/go.mod h1:xh7N7RHfYlNc5EmcI/El95gXusucDrQnHXe0+CgWcLQ=
nhooyr.io/websocket v1.8.11 h1:f/qXNc2/3DpoSZkHt1DQu6rj4zGC8JmkkLkWss0MgN0=
nhooyr.io/websocket v1.8.11/go.mod h1:rN9OFWIUwuxg4fR5tELlYC04bXYowCP9GX47ivo2l+c=
